
Microsoft Visual Studio Solution File, Format Version 12.00
# Visual Studio 15
VisualStudioVersion = 15.0.27428.2015
MinimumVisualStudioVersion = 10.0.40219.1
Project("{8BC9CEB8-8B4A-11D0-8D11-00A0C91BC942}") = "iodata", "iodata\iodata.vcxproj", "{DF288116-8BB3-4611-A993-14C20C152CCD}"
EndProject
Global
	GlobalSection(SolutionConfigurationPlatforms) = preSolution
		Debug|x64 = Debug|x64
		Debug|x86 = Debug|x86
		Release|x64 = Release|x64
		Release|x86 = Release|x86
	EndGlobalSection
	GlobalSection(ProjectConfigurationPlatforms) = postSolution
		{DF288116-8BB3-4611-A993-14C20C152CCD}.Debug|x64.ActiveCfg = Debug|x64
		{DF288116-8BB3-4611-A993-14C20C152CCD}.Debug|x64.Build.0 = Debug|x64
		{DF288116-8BB3-4611-A993-14C20C152CCD}.Debug|x86.ActiveCfg = Debug|Win32
		{DF288116-8BB3-4611-A993-14C20C152CCD}.Debug|x86.Build.0 = Debug|Win32
		{DF288116-8BB3-4611-A993-14C20C152CCD}.Release|x64.ActiveCfg = Release|x64
		{DF288116-8BB3-4611-A993-14C20C152CCD}.Release|x64.Build.0 = Release|x64
		{DF288116-8BB3-4611-A993-14C20C152CCD}.Release|x86.ActiveCfg = Release|Win32
		{DF288116-8BB3-4611-A993-14C20C152CCD}.Release|x86.Build.0 = Release|Win32
	EndGlobalSection
	GlobalSection(SolutionProperties) = preSolution
		HideSolutionNode = FALSE
	EndGlobalSection
	GlobalSection(ExtensibilityGlobals) = postSolution
		SolutionGuid = {DD2172BB-8F84-49D1-98EE-89E5EC4B3E85}
	EndGlobalSection
EndGlobal
